
Microsoft Visual Studio Solution File, Format Version 12.00
# Visual Studio Version 17
VisualStudioVersion = 17.3.32929.385
MinimumVisualStudioVersion = 10.0.40219.1
Project("{FAE04EC0-301F-11D3-BF4B-00C04F79EFBC}") = "ConsoleApp1", "ConsoleApp1.csproj", "{2D2EACC4-AC4D-4ECC-88DD-0FA511F76657}"
EndProject
Global
	GlobalSection(SolutionConfigurationPlatforms) = preSolution
		Debug|Any CPU = Debug|Any CPU
		Release|Any CPU = Release|Any CPU
	EndGlobalSection
	GlobalSection(ProjectConfigurationPlatforms) = postSolution
		{2D2EACC4-AC4D-4ECC-88DD-0FA511F76657}.Debug|Any CPU.ActiveCfg = Debug|Any CPU
		{2D2EACC4-AC4D-4ECC-88DD-0FA511F76657}.Debug|Any CPU.Build.0 = Debug|Any CPU
		{2D2EACC4-AC4D-4ECC-88DD-0FA511F76657}.Release|Any CPU.ActiveCfg = Release|Any CPU
		{2D2EACC4-AC4D-4ECC-88DD-0FA511F76657}.Release|Any CPU.Build.0 = Release|Any CPU
	EndGlobalSection
	GlobalSection(SolutionProperties) = preSolution
		HideSolutionNode = FALSE
	EndGlobalSection
	GlobalSection(ExtensibilityGlobals) = postSolution
		SolutionGuid = {91E0571A-1A22-4D61-B962-36FB1E822FFC}
	EndGlobalSection
EndGlobal
