
Microsoft Visual Studio Solution File, Format Version 12.00
# Visual Studio Version 17
VisualStudioVersion = 17.4.33122.133
MinimumVisualStudioVersion = 10.0.40219.1
Project("{FAE04EC0-301F-11D3-BF4B-00C04F79EFBC}") = "ConsoleApp1", "ConsoleApp1.csproj", "{F85861CD-8A40-4B72-8DF7-663F87778670}"
EndProject
Global
	GlobalSection(SolutionConfigurationPlatforms) = preSolution
		Debug|Any CPU = Debug|Any CPU
		Release|Any CPU = Release|Any CPU
	EndGlobalSection
	GlobalSection(ProjectConfigurationPlatforms) = postSolution
		{F85861CD-8A40-4B72-8DF7-663F87778670}.Debug|Any CPU.ActiveCfg = Debug|Any CPU
		{F85861CD-8A40-4B72-8DF7-663F87778670}.Debug|Any CPU.Build.0 = Debug|Any CPU
		{F85861CD-8A40-4B72-8DF7-663F87778670}.Release|Any CPU.ActiveCfg = Release|Any CPU
		{F85861CD-8A40-4B72-8DF7-663F87778670}.Release|Any CPU.Build.0 = Release|Any CPU
	EndGlobalSection
	GlobalSection(SolutionProperties) = preSolution
		HideSolutionNode = FALSE
	EndGlobalSection
	GlobalSection(ExtensibilityGlobals) = postSolution
		SolutionGuid = {22CE71F2-791F-4F9E-A912-A04CF7E9698C}
	EndGlobalSection
EndGlobal
